
Microsoft Visual Studio Solution File, Format Version 9.00
# Visual C# Express 2005
Project("{FAE04EC0-301F-11D3-BF4B-00C04F79EFBC}") = "Duplicate File Finder", "Duplicate File Finder\Duplicate File Finder.csproj", "{43A10264-BC98-434B-B114-E07CD22C1C0A}"
EndProject
Global
	GlobalSection(SolutionConfigurationPlatforms) = preSolution
		Debug|Any CPU = Debug|Any CPU
		Release|Any CPU = Release|Any CPU
	EndGlobalSection
	GlobalSection(ProjectConfigurationPlatforms) = postSolution
		{43A10264-BC98-434B-B114-E07CD22C1C0A}.Debug|Any CPU.ActiveCfg = Debug|Any CPU
		{43A10264-BC98-434B-B114-E07CD22C1C0A}.Debug|Any CPU.Build.0 = Debug|Any CPU
		{43A10264-BC98-434B-B114-E07CD22C1C0A}.Release|Any CPU.ActiveCfg = Release|Any CPU
		{43A10264-BC98-434B-B114-E07CD22C1C0A}.Release|Any CPU.Build.0 = Release|Any CPU
	EndGlobalSection
	GlobalSection(SolutionProperties) = preSolution
		HideSolutionNode = FALSE
	EndGlobalSection
EndGlobal
